
Microsoft Visual Studio Solution File, Format Version 12.00
# Visual Studio Version 17
VisualStudioVersion = 17.4.33205.214
MinimumVisualStudioVersion = 10.0.40219.1
Project("{FAE04EC0-301F-11D3-BF4B-00C04F79EFBC}") = "btvntuan3", "btvntuan3\btvntuan3.csproj", "{E7446843-F691-477C-86C1-FFC86325EDD6}"
EndProject
Global
	GlobalSection(SolutionConfigurationPlatforms) = preSolution
		Debug|Any CPU = Debug|Any CPU
		Release|Any CPU = Release|Any CPU
	EndGlobalSection
	GlobalSection(ProjectConfigurationPlatforms) = postSolution
		{E7446843-F691-477C-86C1-FFC86325EDD6}.Debug|Any CPU.ActiveCfg = Debug|Any CPU
		{E7446843-F691-477C-86C1-FFC86325EDD6}.Debug|Any CPU.Build.0 = Debug|Any CPU
		{E7446843-F691-477C-86C1-FFC86325EDD6}.Release|Any CPU.ActiveCfg = Release|Any CPU
		{E7446843-F691-477C-86C1-FFC86325EDD6}.Release|Any CPU.Build.0 = Release|Any CPU
	EndGlobalSection
	GlobalSection(SolutionProperties) = preSolution
		HideSolutionNode = FALSE
	EndGlobalSection
	GlobalSection(ExtensibilityGlobals) = postSolution
		SolutionGuid = {52970EF2-75C3-4372-8B0B-26F252D6D7C8}
	EndGlobalSection
EndGlobal
